{
  "name": "test",
  "version": "1.0.0",
  "lockfileVersion": 3,
  "requires": true,
  "packages": {
    "": {
      "name": "test",
      "version": "1.0.0",
      "license": "ISC",
      "dependencies": {
        "ts-arc": "../"
      }
    },
    "..": {
      "version": "1.2.9",
      "license": "ISC",
      "dependencies": {
        "esbuild": "^0.25.11"
      },
      "bin": {
        "ts-arc": "dist/cli.js"
      },
      "devDependencies": {
        "@types/node": "^24.9.1",
        "reflect-metadata": "^0.2.2"
      }
    },
    "node_modules/ts-arc": {
      "resolved": "..",
      "link": true
    }
  }
}
